<Solution>
  <Project Path="EcommercePos.Api/EcommercePos.Api.csproj" />
  <Project Path="EcommercePos.Application/EcommercePos.Application.csproj" />
  <Project Path="EcommercePos.Domain/EcommercePos.Domain.csproj" />
  <Project Path="EcommercePos.Persistence/EcommercePos.Persistence.csproj" />
  <Project Path="EcommercePos.Portal/ecommercepos.portal.esproj">
    <Build />
    <Deploy />
  </Project>
  <Project Path="EcommercePos.Shared/EcommercePos.Shared.csproj" />
</Solution>
